// !$*UTF8*$!
{
	archiveVersion = 1;
	classes = {
	};
	objectVersion = 54;
	objects = {

/* Begin PBXBuildFile section */
		8444D8902544FDD4008C3304 /* main.swift in Sources */ = {isa = PBXBuildFile; fileRef = 8444D88F2544FDD4008C3304 /* main.swift */; };
		8444D8992544FFF9008C3304 /* CommandLineParser.swift in Sources */ = {isa = PBXBuildFile; fileRef = 8444D8982544FFF9008C3304 /* CommandLineParser.swift */; };
		8444D89D25450458008C3304 /* StringExtension.swift in Sources */ = {isa = PBXBuildFile; fileRef = 8444D89C25450458008C3304 /* StringExtension.swift */; };
		8444D8A12545054D008C3304 /* ArrayExtension.swift in Sources */ = {isa = PBXBuildFile; fileRef = 8444D8A02545054D008C3304 /* ArrayExtension.swift */; };
		8444D8A52545062C008C3304 /* UCIEngine.swift in Sources */ = {isa = PBXBuildFile; fileRef = 8444D8A42545062C008C3304 /* UCIEngine.swift */; };
		8444D8A92545069F008C3304 /* Log.swift in Sources */ = {isa = PBXBuildFile; fileRef = 8444D8A82545069F008C3304 /* Log.swift */; };
		8444D8AD2545080E008C3304 /* Position.swift in Sources */ = {isa = PBXBuildFile; fileRef = 8444D8AC2545080E008C3304 /* Position.swift */; };
		8444D8B025450838008C3304 /* PositionExtension.swift in Sources */ = {isa = PBXBuildFile; fileRef = 8444D8AF25450838008C3304 /* PositionExtension.swift */; };
		8444D8B32545097F008C3304 /* Piece.swift in Sources */ = {isa = PBXBuildFile; fileRef = 8444D8B22545097F008C3304 /* Piece.swift */; };
		8444D8B625450999008C3304 /* Player.swift in Sources */ = {isa = PBXBuildFile; fileRef = 8444D8B525450999008C3304 /* Player.swift */; };
		8444D8B925450B36008C3304 /* Move.swift in Sources */ = {isa = PBXBuildFile; fileRef = 8444D8B825450B36008C3304 /* Move.swift */; };
		8444D8BC25450BAE008C3304 /* Location.swift in Sources */ = {isa = PBXBuildFile; fileRef = 8444D8BB25450BAE008C3304 /* Location.swift */; };
		8444D8BF25450E24008C3304 /* Board.swift in Sources */ = {isa = PBXBuildFile; fileRef = 8444D8BE25450E24008C3304 /* Board.swift */; };
		8444D8C325450EB1008C3304 /* BestMove.swift in Sources */ = {isa = PBXBuildFile; fileRef = 8444D8C225450EB1008C3304 /* BestMove.swift */; };
		8444D8C725450EDB008C3304 /* Evaluate.swift in Sources */ = {isa = PBXBuildFile; fileRef = 8444D8C625450EDB008C3304 /* Evaluate.swift */; };
		8444D8CA25450F0B008C3304 /* PieceExtension.swift in Sources */ = {isa = PBXBuildFile; fileRef = 8444D8C925450F0B008C3304 /* PieceExtension.swift */; };
		8444D8CE2545100A008C3304 /* ChessErrors.swift in Sources */ = {isa = PBXBuildFile; fileRef = 8444D8CD2545100A008C3304 /* ChessErrors.swift */; };
		8444D8D12545104D008C3304 /* CastlingOptions.swift in Sources */ = {isa = PBXBuildFile; fileRef = 8444D8D02545104D008C3304 /* CastlingOptions.swift */; };
		8444D8D425451096008C3304 /* BoardExtension.swift in Sources */ = {isa = PBXBuildFile; fileRef = 8444D8D325451096008C3304 /* BoardExtension.swift */; };
/* End PBXBuildFile section */

/* Begin PBXCopyFilesBuildPhase section */
		8444D88A2544FDD4008C3304 /* CopyFiles */ = {
			isa = PBXCopyFilesBuildPhase;
			buildActionMask = 2147483647;
			dstPath = /usr/share/man/man1/;
			dstSubfolderSpec = 0;
			files = (
			);
			runOnlyForDeploymentPostprocessing = 1;
		};
/* End PBXCopyFilesBuildPhase section */

/* Begin PBXFileReference section */
		8444D88C2544FDD4008C3304 /* Rhack Chess Engine */ = {isa = PBXFileReference; explicitFileType = "compiled.mach-o.executable"; includeInIndex = 0; path = "Rhack Chess Engine"; sourceTree = BUILT_PRODUCTS_DIR; };
		8444D88F2544FDD4008C3304 /* main.swift */ = {isa = PBXFileReference; lastKnownFileType = sourcecode.swift; path = main.swift; sourceTree = "<group>"; };
		8444D8982544FFF9008C3304 /* CommandLineParser.swift */ = {isa = PBXFileReference; lastKnownFileType = sourcecode.swift; path = CommandLineParser.swift; sourceTree = "<group>"; };
		8444D89C25450458008C3304 /* StringExtension.swift */ = {isa = PBXFileReference; lastKnownFileType = sourcecode.swift; path = StringExtension.swift; sourceTree = "<group>"; };
		8444D8A02545054D008C3304 /* ArrayExtension.swift */ = {isa = PBXFileReference; lastKnownFileType = sourcecode.swift; path = ArrayExtension.swift; sourceTree = "<group>"; };
		8444D8A42545062C008C3304 /* UCIEngine.swift */ = {isa = PBXFileReference; lastKnownFileType = sourcecode.swift; path = UCIEngine.swift; sourceTree = "<group>"; };
		8444D8A82545069F008C3304 /* Log.swift */ = {isa = PBXFileReference; lastKnownFileType = sourcecode.swift; path = Log.swift; sourceTree = "<group>"; };
		8444D8AC2545080E008C3304 /* Position.swift */ = {isa = PBXFileReference; lastKnownFileType = sourcecode.swift; path = Position.swift; sourceTree = "<group>"; };
		8444D8AF25450838008C3304 /* PositionExtension.swift */ = {isa = PBXFileReference; lastKnownFileType = sourcecode.swift; path = PositionExtension.swift; sourceTree = "<group>"; };
		8444D8B22545097F008C3304 /* Piece.swift */ = {isa = PBXFileReference; lastKnownFileType = sourcecode.swift; path = Piece.swift; sourceTree = "<group>"; };
		8444D8B525450999008C3304 /* Player.swift */ = {isa = PBXFileReference; lastKnownFileType = sourcecode.swift; path = Player.swift; sourceTree = "<group>"; };
		8444D8B825450B36008C3304 /* Move.swift */ = {isa = PBXFileReference; lastKnownFileType = sourcecode.swift; path = Move.swift; sourceTree = "<group>"; };
		8444D8BB25450BAE008C3304 /* Location.swift */ = {isa = PBXFileReference; lastKnownFileType = sourcecode.swift; path = Location.swift; sourceTree = "<group>"; };
		8444D8BE25450E24008C3304 /* Board.swift */ = {isa = PBXFileReference; lastKnownFileType = sourcecode.swift; path = Board.swift; sourceTree = "<group>"; };
		8444D8C225450EB1008C3304 /* BestMove.swift */ = {isa = PBXFileReference; lastKnownFileType = sourcecode.swift; path = BestMove.swift; sourceTree = "<group>"; };
		8444D8C625450EDB008C3304 /* Evaluate.swift */ = {isa = PBXFileReference; lastKnownFileType = sourcecode.swift; path = Evaluate.swift; sourceTree = "<group>"; };
		8444D8C925450F0B008C3304 /* PieceExtension.swift */ = {isa = PBXFileReference; lastKnownFileType = sourcecode.swift; path = PieceExtension.swift; sourceTree = "<group>"; };
		8444D8CD2545100A008C3304 /* ChessErrors.swift */ = {isa = PBXFileReference; lastKnownFileType = sourcecode.swift; path = ChessErrors.swift; sourceTree = "<group>"; };
		8444D8D02545104D008C3304 /* CastlingOptions.swift */ = {isa = PBXFileReference; lastKnownFileType = sourcecode.swift; path = CastlingOptions.swift; sourceTree = "<group>"; };
		8444D8D325451096008C3304 /* BoardExtension.swift */ = {isa = PBXFileReference; lastKnownFileType = sourcecode.swift; path = BoardExtension.swift; sourceTree = "<group>"; };
/* End PBXFileReference section */

/* Begin PBXFrameworksBuildPhase section */
		8444D8892544FDD4008C3304 /* Frameworks */ = {
			isa = PBXFrameworksBuildPhase;
			buildActionMask = 2147483647;
			files = (
			);
			runOnlyForDeploymentPostprocessing = 0;
		};
/* End PBXFrameworksBuildPhase section */

/* Begin PBXGroup section */
		8444D8832544FDD4008C3304 = {
			isa = PBXGroup;
			children = (
				8444D8CC25450FFB008C3304 /* Globals */,
				8444D8C125450E9E008C3304 /* Logic */,
				8444D8AB254507FB008C3304 /* GameFiles */,
				8444D8A325450606008C3304 /* UCIEngine */,
				8444D89B25450432008C3304 /* Extensions */,
				8444D88E2544FDD4008C3304 /* Rhack Chess Engine */,
				8444D88D2544FDD4008C3304 /* Products */,
			);
			sourceTree = "<group>";
		};
		8444D88D2544FDD4008C3304 /* Products */ = {
			isa = PBXGroup;
			children = (
				8444D88C2544FDD4008C3304 /* Rhack Chess Engine */,
			);
			name = Products;
			sourceTree = "<group>";
		};
		8444D88E2544FDD4008C3304 /* Rhack Chess Engine */ = {
			isa = PBXGroup;
			children = (
				8444D88F2544FDD4008C3304 /* main.swift */,
				8444D8982544FFF9008C3304 /* CommandLineParser.swift */,
			);
			path = "Rhack Chess Engine";
			sourceTree = "<group>";
		};
		8444D89B25450432008C3304 /* Extensions */ = {
			isa = PBXGroup;
			children = (
				8444D89C25450458008C3304 /* StringExtension.swift */,
				8444D8D325451096008C3304 /* BoardExtension.swift */,
				8444D8C925450F0B008C3304 /* PieceExtension.swift */,
				8444D8A02545054D008C3304 /* ArrayExtension.swift */,
				8444D8AF25450838008C3304 /* PositionExtension.swift */,
			);
			path = Extensions;
			sourceTree = "<group>";
		};
		8444D8A325450606008C3304 /* UCIEngine */ = {
			isa = PBXGroup;
			children = (
				8444D8A42545062C008C3304 /* UCIEngine.swift */,
				8444D8A82545069F008C3304 /* Log.swift */,
			);
			path = UCIEngine;
			sourceTree = "<group>";
		};
		8444D8AB254507FB008C3304 /* GameFiles */ = {
			isa = PBXGroup;
			children = (
				8444D8AC2545080E008C3304 /* Position.swift */,
				8444D8B525450999008C3304 /* Player.swift */,
				8444D8BE25450E24008C3304 /* Board.swift */,
				8444D8BB25450BAE008C3304 /* Location.swift */,
				8444D8B825450B36008C3304 /* Move.swift */,
				8444D8B22545097F008C3304 /* Piece.swift */,
			);
			path = GameFiles;
			sourceTree = "<group>";
		};
		8444D8C125450E9E008C3304 /* Logic */ = {
			isa = PBXGroup;
			children = (
				8444D8C225450EB1008C3304 /* BestMove.swift */,
				8444D8C625450EDB008C3304 /* Evaluate.swift */,
			);
			path = Logic;
			sourceTree = "<group>";
		};
		8444D8CC25450FFB008C3304 /* Globals */ = {
			isa = PBXGroup;
			children = (
				8444D8CD2545100A008C3304 /* ChessErrors.swift */,
				8444D8D02545104D008C3304 /* CastlingOptions.swift */,
			);
			path = Globals;
			sourceTree = "<group>";
		};
/* End PBXGroup section */

/* Begin PBXNativeTarget section */
		8444D88B2544FDD4008C3304 /* Rhack Chess Engine */ = {
			isa = PBXNativeTarget;
			buildConfigurationList = 8444D8932544FDD4008C3304 /* Build configuration list for PBXNativeTarget "Rhack Chess Engine" */;
			buildPhases = (
				8444D8882544FDD4008C3304 /* Sources */,
				8444D8892544FDD4008C3304 /* Frameworks */,
				8444D88A2544FDD4008C3304 /* CopyFiles */,
			);
			buildRules = (
			);
			dependencies = (
			);
			name = "Rhack Chess Engine";
			productName = "Rhack Chess Engine";
			productReference = 8444D88C2544FDD4008C3304 /* Rhack Chess Engine */;
			productType = "com.apple.product-type.tool";
		};
/* End PBXNativeTarget section */

/* Begin PBXProject section */
		8444D8842544FDD4008C3304 /* Project object */ = {
			isa = PBXProject;
			attributes = {
				LastSwiftUpdateCheck = 1200;
				LastUpgradeCheck = 1200;
				TargetAttributes = {
					8444D88B2544FDD4008C3304 = {
						CreatedOnToolsVersion = 12.0.1;
					};
				};
			};
			buildConfigurationList = 8444D8872544FDD4008C3304 /* Build configuration list for PBXProject "Rhack Chess Engine" */;
			compatibilityVersion = "Xcode 12.0";
			developmentRegion = en;
			hasScannedForEncodings = 0;
			knownRegions = (
				en,
				Base,
			);
			mainGroup = 8444D8832544FDD4008C3304;
			productRefGroup = 8444D88D2544FDD4008C3304 /* Products */;
			projectDirPath = "";
			projectRoot = "";
			targets = (
				8444D88B2544FDD4008C3304 /* Rhack Chess Engine */,
			);
		};
/* End PBXProject section */

/* Begin PBXSourcesBuildPhase section */
		8444D8882544FDD4008C3304 /* Sources */ = {
			isa = PBXSourcesBuildPhase;
			buildActionMask = 2147483647;
			files = (
				8444D8AD2545080E008C3304 /* Position.swift in Sources */,
				8444D8A52545062C008C3304 /* UCIEngine.swift in Sources */,
				8444D8CE2545100A008C3304 /* ChessErrors.swift in Sources */,
				8444D8CA25450F0B008C3304 /* PieceExtension.swift in Sources */,
				8444D8992544FFF9008C3304 /* CommandLineParser.swift in Sources */,
				8444D8A92545069F008C3304 /* Log.swift in Sources */,
				8444D8B025450838008C3304 /* PositionExtension.swift in Sources */,
				8444D8B32545097F008C3304 /* Piece.swift in Sources */,
				8444D8BF25450E24008C3304 /* Board.swift in Sources */,
				8444D8D12545104D008C3304 /* CastlingOptions.swift in Sources */,
				8444D8902544FDD4008C3304 /* main.swift in Sources */,
				8444D8C725450EDB008C3304 /* Evaluate.swift in Sources */,
				8444D89D25450458008C3304 /* StringExtension.swift in Sources */,
				8444D8B625450999008C3304 /* Player.swift in Sources */,
				8444D8D425451096008C3304 /* BoardExtension.swift in Sources */,
				8444D8C325450EB1008C3304 /* BestMove.swift in Sources */,
				8444D8A12545054D008C3304 /* ArrayExtension.swift in Sources */,
				8444D8BC25450BAE008C3304 /* Location.swift in Sources */,
				8444D8B925450B36008C3304 /* Move.swift in Sources */,
			);
			runOnlyForDeploymentPostprocessing = 0;
		};
/* End PBXSourcesBuildPhase section */

/* Begin XCBuildConfiguration section */
		8444D8912544FDD4008C3304 /* Debug */ = {
			isa = XCBuildConfiguration;
			buildSettings = {
				ALWAYS_SEARCH_USER_PATHS = NO;
				CLANG_ANALYZER_NONNULL = YES;
				CLANG_ANALYZER_NUMBER_OBJECT_CONVERSION = YES_AGGRESSIVE;
				CLANG_CXX_LANGUAGE_STANDARD = "gnu++14";
				CLANG_CXX_LIBRARY = "libc++";
				CLANG_ENABLE_MODULES = YES;
				CLANG_ENABLE_OBJC_ARC = YES;
				CLANG_ENABLE_OBJC_WEAK = YES;
				CLANG_WARN_BLOCK_CAPTURE_AUTORELEASING = YES;
				CLANG_WARN_BOOL_CONVERSION = YES;
				CLANG_WARN_COMMA = YES;
				CLANG_WARN_CONSTANT_CONVERSION = YES;
				CLANG_WARN_DEPRECATED_OBJC_IMPLEMENTATIONS = YES;
				CLANG_WARN_DIRECT_OBJC_ISA_USAGE = YES_ERROR;
				CLANG_WARN_DOCUMENTATION_COMMENTS = YES;
				CLANG_WARN_EMPTY_BODY = YES;
				CLANG_WARN_ENUM_CONVERSION = YES;
				CLANG_WARN_INFINITE_RECURSION = YES;
				CLANG_WARN_INT_CONVERSION = YES;
				CLANG_WARN_NON_LITERAL_NULL_CONVERSION = YES;
				CLANG_WARN_OBJC_IMPLICIT_RETAIN_SELF = YES;
				CLANG_WARN_OBJC_LITERAL_CONVERSION = YES;
				CLANG_WARN_OBJC_ROOT_CLASS = YES_ERROR;
				CLANG_WARN_QUOTED_INCLUDE_IN_FRAMEWORK_HEADER = YES;
				CLANG_WARN_RANGE_LOOP_ANALYSIS = YES;
				CLANG_WARN_STRICT_PROTOTYPES = YES;
				CLANG_WARN_SUSPICIOUS_MOVE = YES;
				CLANG_WARN_UNGUARDED_AVAILABILITY = YES_AGGRESSIVE;
				CLANG_WARN_UNREACHABLE_CODE = YES;
				CLANG_WARN__DUPLICATE_METHOD_MATCH = YES;
				COPY_PHASE_STRIP = NO;
				DEBUG_INFORMATION_FORMAT = dwarf;
				ENABLE_STRICT_OBJC_MSGSEND = YES;
				ENABLE_TESTABILITY = YES;
				GCC_C_LANGUAGE_STANDARD = gnu11;
				GCC_DYNAMIC_NO_PIC = NO;
				GCC_NO_COMMON_BLOCKS = YES;
				GCC_OPTIMIZATION_LEVEL = 0;
				GCC_PREPROCESSOR_DEFINITIONS = (
					"DEBUG=1",
					"$(inherited)",
				);
				GCC_WARN_64_TO_32_BIT_CONVERSION = YES;
				GCC_WARN_ABOUT_RETURN_TYPE = YES_ERROR;
				GCC_WARN_UNDECLARED_SELECTOR = YES;
				GCC_WARN_UNINITIALIZED_AUTOS = YES_AGGRESSIVE;
				GCC_WARN_UNUSED_FUNCTION = YES;
				GCC_WARN_UNUSED_VARIABLE = YES;
				MACOSX_DEPLOYMENT_TARGET = 10.15;
				MTL_ENABLE_DEBUG_INFO = INCLUDE_SOURCE;
				MTL_FAST_MATH = YES;
				ONLY_ACTIVE_ARCH = YES;
				SDKROOT = macosx;
				SWIFT_ACTIVE_COMPILATION_CONDITIONS = DEBUG;
				SWIFT_OPTIMIZATION_LEVEL = "-Onone";
			};
			name = Debug;
		};
		8444D8922544FDD4008C3304 /* Release */ = {
			isa = XCBuildConfiguration;
			buildSettings = {
				ALWAYS_SEARCH_USER_PATHS = NO;
				CLANG_ANALYZER_NONNULL = YES;
				CLANG_ANALYZER_NUMBER_OBJECT_CONVERSION = YES_AGGRESSIVE;
				CLANG_CXX_LANGUAGE_STANDARD = "gnu++14";
				CLANG_CXX_LIBRARY = "libc++";
				CLANG_ENABLE_MODULES = YES;
				CLANG_ENABLE_OBJC_ARC = YES;
				CLANG_ENABLE_OBJC_WEAK = YES;
				CLANG_WARN_BLOCK_CAPTURE_AUTORELEASING = YES;
				CLANG_WARN_BOOL_CONVERSION = YES;
				CLANG_WARN_COMMA = YES;
				CLANG_WARN_CONSTANT_CONVERSION = YES;
				CLANG_WARN_DEPRECATED_OBJC_IMPLEMENTATIONS = YES;
				CLANG_WARN_DIRECT_OBJC_ISA_USAGE = YES_ERROR;
				CLANG_WARN_DOCUMENTATION_COMMENTS = YES;
				CLANG_WARN_EMPTY_BODY = YES;
				CLANG_WARN_ENUM_CONVERSION = YES;
				CLANG_WARN_INFINITE_RECURSION = YES;
				CLANG_WARN_INT_CONVERSION = YES;
				CLANG_WARN_NON_LITERAL_NULL_CONVERSION = YES;
				CLANG_WARN_OBJC_IMPLICIT_RETAIN_SELF = YES;
				CLANG_WARN_OBJC_LITERAL_CONVERSION = YES;
				CLANG_WARN_OBJC_ROOT_CLASS = YES_ERROR;
				CLANG_WARN_QUOTED_INCLUDE_IN_FRAMEWORK_HEADER = YES;
				CLANG_WARN_RANGE_LOOP_ANALYSIS = YES;
				CLANG_WARN_STRICT_PROTOTYPES = YES;
				CLANG_WARN_SUSPICIOUS_MOVE = YES;
				CLANG_WARN_UNGUARDED_AVAILABILITY = YES_AGGRESSIVE;
				CLANG_WARN_UNREACHABLE_CODE = YES;
				CLANG_WARN__DUPLICATE_METHOD_MATCH = YES;
				COPY_PHASE_STRIP = NO;
				DEBUG_INFORMATION_FORMAT = "dwarf-with-dsym";
				ENABLE_NS_ASSERTIONS = NO;
				ENABLE_STRICT_OBJC_MSGSEND = YES;
				GCC_C_LANGUAGE_STANDARD = gnu11;
				GCC_NO_COMMON_BLOCKS = YES;
				GCC_WARN_64_TO_32_BIT_CONVERSION = YES;
				GCC_WARN_ABOUT_RETURN_TYPE = YES_ERROR;
				GCC_WARN_UNDECLARED_SELECTOR = YES;
				GCC_WARN_UNINITIALIZED_AUTOS = YES_AGGRESSIVE;
				GCC_WARN_UNUSED_FUNCTION = YES;
				GCC_WARN_UNUSED_VARIABLE = YES;
				MACOSX_DEPLOYMENT_TARGET = 10.15;
				MTL_ENABLE_DEBUG_INFO = NO;
				MTL_FAST_MATH = YES;
				SDKROOT = macosx;
				SWIFT_COMPILATION_MODE = wholemodule;
				SWIFT_OPTIMIZATION_LEVEL = "-O";
			};
			name = Release;
		};
		8444D8942544FDD4008C3304 /* Debug */ = {
			isa = XCBuildConfiguration;
			buildSettings = {
				CODE_SIGN_STYLE = Automatic;
				DEVELOPMENT_TEAM = DJ4ZTQXADL;
				ENABLE_HARDENED_RUNTIME = YES;
				PRODUCT_NAME = "$(TARGET_NAME)";
				SWIFT_VERSION = 5.0;
			};
			name = Debug;
		};
		8444D8952544FDD4008C3304 /* Release */ = {
			isa = XCBuildConfiguration;
			buildSettings = {
				CODE_SIGN_STYLE = Automatic;
				DEVELOPMENT_TEAM = DJ4ZTQXADL;
				ENABLE_HARDENED_RUNTIME = YES;
				PRODUCT_NAME = "$(TARGET_NAME)";
				SWIFT_VERSION = 5.0;
			};
			name = Release;
		};
/* End XCBuildConfiguration section */

/* Begin XCConfigurationList section */
		8444D8872544FDD4008C3304 /* Build configuration list for PBXProject "Rhack Chess Engine" */ = {
			isa = XCConfigurationList;
			buildConfigurations = (
				8444D8912544FDD4008C3304 /* Debug */,
				8444D8922544FDD4008C3304 /* Release */,
			);
			defaultConfigurationIsVisible = 0;
			defaultConfigurationName = Release;
		};
		8444D8932544FDD4008C3304 /* Build configuration list for PBXNativeTarget "Rhack Chess Engine" */ = {
			isa = XCConfigurationList;
			buildConfigurations = (
				8444D8942544FDD4008C3304 /* Debug */,
				8444D8952544FDD4008C3304 /* Release */,
			);
			defaultConfigurationIsVisible = 0;
			defaultConfigurationName = Release;
		};
/* End XCConfigurationList section */
	};
	rootObject = 8444D8842544FDD4008C3304 /* Project object */;
}
